
Microsoft Visual Studio Solution File, Format Version 12.00
# Visual Studio Version 17
VisualStudioVersion = 17.3.32929.385
MinimumVisualStudioVersion = 10.0.40219.1
Project("{8BC9CEB8-8B4A-11D0-8D11-00A0C91BC942}") = "p.380, Cellenge Practice", "p.380, Cellenge Practice.vcxproj", "{80C84276-5B3B-4408-AF8E-CF9E25247B69}"
EndProject
Global
	GlobalSection(SolutionConfigurationPlatforms) = preSolution
		Debug|x64 = Debug|x64
		Debug|x86 = Debug|x86
		Release|x64 = Release|x64
		Release|x86 = Release|x86
	EndGlobalSection
	GlobalSection(ProjectConfigurationPlatforms) = postSolution
		{80C84276-5B3B-4408-AF8E-CF9E25247B69}.Debug|x64.ActiveCfg = Debug|x64
		{80C84276-5B3B-4408-AF8E-CF9E25247B69}.Debug|x64.Build.0 = Debug|x64
		{80C84276-5B3B-4408-AF8E-CF9E25247B69}.Debug|x86.ActiveCfg = Debug|Win32
		{80C84276-5B3B-4408-AF8E-CF9E25247B69}.Debug|x86.Build.0 = Debug|Win32
		{80C84276-5B3B-4408-AF8E-CF9E25247B69}.Release|x64.ActiveCfg = Release|x64
		{80C84276-5B3B-4408-AF8E-CF9E25247B69}.Release|x64.Build.0 = Release|x64
		{80C84276-5B3B-4408-AF8E-CF9E25247B69}.Release|x86.ActiveCfg = Release|Win32
		{80C84276-5B3B-4408-AF8E-CF9E25247B69}.Release|x86.Build.0 = Release|Win32
	EndGlobalSection
	GlobalSection(SolutionProperties) = preSolution
		HideSolutionNode = FALSE
	EndGlobalSection
	GlobalSection(ExtensibilityGlobals) = postSolution
		SolutionGuid = {C5D0C27E-50F6-43D4-A805-A622EAB61975}
	EndGlobalSection
EndGlobal
