
Microsoft Visual Studio Solution File, Format Version 12.00
# Visual Studio Version 17
VisualStudioVersion = 17.3.32929.385
MinimumVisualStudioVersion = 10.0.40219.1
Project("{8BC9CEB8-8B4A-11D0-8D11-00A0C91BC942}") = "P.352, Prob2", "P.352, Prob2.vcxproj", "{AEE4E3BE-000D-4A06-9598-36634ABC6BE4}"
EndProject
Global
	GlobalSection(SolutionConfigurationPlatforms) = preSolution
		Debug|x64 = Debug|x64
		Debug|x86 = Debug|x86
		Release|x64 = Release|x64
		Release|x86 = Release|x86
	EndGlobalSection
	GlobalSection(ProjectConfigurationPlatforms) = postSolution
		{AEE4E3BE-000D-4A06-9598-36634ABC6BE4}.Debug|x64.ActiveCfg = Debug|x64
		{AEE4E3BE-000D-4A06-9598-36634ABC6BE4}.Debug|x64.Build.0 = Debug|x64
		{AEE4E3BE-000D-4A06-9598-36634ABC6BE4}.Debug|x86.ActiveCfg = Debug|Win32
		{AEE4E3BE-000D-4A06-9598-36634ABC6BE4}.Debug|x86.Build.0 = Debug|Win32
		{AEE4E3BE-000D-4A06-9598-36634ABC6BE4}.Release|x64.ActiveCfg = Release|x64
		{AEE4E3BE-000D-4A06-9598-36634ABC6BE4}.Release|x64.Build.0 = Release|x64
		{AEE4E3BE-000D-4A06-9598-36634ABC6BE4}.Release|x86.ActiveCfg = Release|Win32
		{AEE4E3BE-000D-4A06-9598-36634ABC6BE4}.Release|x86.Build.0 = Release|Win32
	EndGlobalSection
	GlobalSection(SolutionProperties) = preSolution
		HideSolutionNode = FALSE
	EndGlobalSection
	GlobalSection(ExtensibilityGlobals) = postSolution
		SolutionGuid = {354E7C85-6AA3-4EE8-AF9F-3B1FC2BC8F35}
	EndGlobalSection
EndGlobal
